// !$*UTF8*$!
{
	archiveVersion = 1;
	classes = {
	};
	objectVersion = 56;
	objects = {

/* Begin PBXBuildFile section */
		6A2507612B1BCDEF0012C180 /* Speech2Text.swift in Sources */ = {isa = PBXBuildFile; fileRef = 6A2507602B1BCDEF0012C180 /* Speech2Text.swift */; };
		6A29CB362B1A462F00F12448 /* WeatherManager.swift in Sources */ = {isa = PBXBuildFile; fileRef = 6A29CB352B1A462F00F12448 /* WeatherManager.swift */; };
		6A29CB382B1A46AE00F12448 /* WeatherView.swift in Sources */ = {isa = PBXBuildFile; fileRef = 6A29CB372B1A46AE00F12448 /* WeatherView.swift */; };
		6A29CB3A2B1A5D8D00F12448 /* CustomTextField.swift in Sources */ = {isa = PBXBuildFile; fileRef = 6A29CB392B1A5D8D00F12448 /* CustomTextField.swift */; };
		6A4B0E5B2B20D61F007999EC /* CoreDataStack.swift in Sources */ = {isa = PBXBuildFile; fileRef = 6A4B0E5A2B20D61F007999EC /* CoreDataStack.swift */; };
		6A4B0E612B20F07A007999EC /* LocalSearchService.swift in Sources */ = {isa = PBXBuildFile; fileRef = 6A4B0E602B20F07A007999EC /* LocalSearchService.swift */; };
		6A4B0E632B20F0B6007999EC /* ContentViewModel.swift in Sources */ = {isa = PBXBuildFile; fileRef = 6A4B0E622B20F0B6007999EC /* ContentViewModel.swift */; };
		6A7C703C2B0EB01B002FA22B /* FloatingButtonsView.swift in Sources */ = {isa = PBXBuildFile; fileRef = 6A7C703B2B0EB01B002FA22B /* FloatingButtonsView.swift */; };
		6A7C703F2B10D06E002FA22B /* MapLocation.swift in Sources */ = {isa = PBXBuildFile; fileRef = 6A7C703E2B10D06E002FA22B /* MapLocation.swift */; };
		6ABFF40E2B1DF88B00661E89 /* Messages.xcdatamodeld in Sources */ = {isa = PBXBuildFile; fileRef = 6ABFF40C2B1DF88B00661E89 /* Messages.xcdatamodeld */; };
		6AC24D8F2B051F4800E0D096 /* MapViewModel.swift in Sources */ = {isa = PBXBuildFile; fileRef = 6AC24D8E2B051F4800E0D096 /* MapViewModel.swift */; };
		6AD215A62B1E8B8E00576E7C /* SpeechText.swift in Sources */ = {isa = PBXBuildFile; fileRef = 6AD215A52B1E8B8E00576E7C /* SpeechText.swift */; };
		6AD215A82B1E8BF500576E7C /* ListenView.swift in Sources */ = {isa = PBXBuildFile; fileRef = 6AD215A72B1E8BF500576E7C /* ListenView.swift */; };
		6AD215AA2B1E8C1600576E7C /* Timer.swift in Sources */ = {isa = PBXBuildFile; fileRef = 6AD215A92B1E8C1600576E7C /* Timer.swift */; };
		6AED6FB92B1F8DAD00365B58 /* MapView.swift in Sources */ = {isa = PBXBuildFile; fileRef = 6AED6FB82B1F8DAD00365B58 /* MapView.swift */; };
		FEE75BEC2B025B1A00AECED4 /* MapChatApp.swift in Sources */ = {isa = PBXBuildFile; fileRef = FEE75BEB2B025B1A00AECED4 /* MapChatApp.swift */; };
		FEE75BF02B025B1C00AECED4 /* Assets.xcassets in Resources */ = {isa = PBXBuildFile; fileRef = FEE75BEF2B025B1C00AECED4 /* Assets.xcassets */; };
		FEE75BF32B025B1C00AECED4 /* Preview Assets.xcassets in Resources */ = {isa = PBXBuildFile; fileRef = FEE75BF22B025B1C00AECED4 /* Preview Assets.xcassets */; };
		FEE75BFD2B025B1C00AECED4 /* MapChatTests.swift in Sources */ = {isa = PBXBuildFile; fileRef = FEE75BFC2B025B1C00AECED4 /* MapChatTests.swift */; };
		FEE75C072B025B1C00AECED4 /* MapChatUITests.swift in Sources */ = {isa = PBXBuildFile; fileRef = FEE75C062B025B1C00AECED4 /* MapChatUITests.swift */; };
		FEE75C092B025B1C00AECED4 /* MapChatUITestsLaunchTests.swift in Sources */ = {isa = PBXBuildFile; fileRef = FEE75C082B025B1C00AECED4 /* MapChatUITestsLaunchTests.swift */; };
		FEF9278C2B13D3B10042321F /* LocationsView.swift in Sources */ = {isa = PBXBuildFile; fileRef = FEF9278B2B13D3B10042321F /* LocationsView.swift */; };
		FEF9278E2B13D40E0042321F /* CardView.swift in Sources */ = {isa = PBXBuildFile; fileRef = FEF9278D2B13D40E0042321F /* CardView.swift */; };
		FEF927932B13D4F40042321F /* Theme.swift in Sources */ = {isa = PBXBuildFile; fileRef = FEF927922B13D4F30042321F /* Theme.swift */; };
/* End PBXBuildFile section */

/* Begin PBXContainerItemProxy section */
		FEE75BF92B025B1C00AECED4 /* PBXContainerItemProxy */ = {
			isa = PBXContainerItemProxy;
			containerPortal = FEE75BE02B025B1A00AECED4 /* Project object */;
			proxyType = 1;
			remoteGlobalIDString = FEE75BE72B025B1A00AECED4;
			remoteInfo = MapChat;
		};
		FEE75C032B025B1C00AECED4 /* PBXContainerItemProxy */ = {
			isa = PBXContainerItemProxy;
			containerPortal = FEE75BE02B025B1A00AECED4 /* Project object */;
			proxyType = 1;
			remoteGlobalIDString = FEE75BE72B025B1A00AECED4;
			remoteInfo = MapChat;
		};
/* End PBXContainerItemProxy section */

/* Begin PBXFileReference section */
		6A2507602B1BCDEF0012C180 /* Speech2Text.swift */ = {isa = PBXFileReference; lastKnownFileType = sourcecode.swift; path = Speech2Text.swift; sourceTree = "<group>"; };
		6A29CB352B1A462F00F12448 /* WeatherManager.swift */ = {isa = PBXFileReference; lastKnownFileType = sourcecode.swift; path = WeatherManager.swift; sourceTree = "<group>"; };
		6A29CB372B1A46AE00F12448 /* WeatherView.swift */ = {isa = PBXFileReference; lastKnownFileType = sourcecode.swift; path = WeatherView.swift; sourceTree = "<group>"; };
		6A29CB392B1A5D8D00F12448 /* CustomTextField.swift */ = {isa = PBXFileReference; lastKnownFileType = sourcecode.swift; path = CustomTextField.swift; sourceTree = "<group>"; };
		6A4B0E5A2B20D61F007999EC /* CoreDataStack.swift */ = {isa = PBXFileReference; lastKnownFileType = sourcecode.swift; path = CoreDataStack.swift; sourceTree = "<group>"; };
		6A4B0E602B20F07A007999EC /* LocalSearchService.swift */ = {isa = PBXFileReference; lastKnownFileType = sourcecode.swift; path = LocalSearchService.swift; sourceTree = "<group>"; };
		6A4B0E622B20F0B6007999EC /* ContentViewModel.swift */ = {isa = PBXFileReference; lastKnownFileType = sourcecode.swift; path = ContentViewModel.swift; sourceTree = "<group>"; };
		6A7C703B2B0EB01B002FA22B /* FloatingButtonsView.swift */ = {isa = PBXFileReference; lastKnownFileType = sourcecode.swift; path = FloatingButtonsView.swift; sourceTree = "<group>"; };
		6A7C703E2B10D06E002FA22B /* MapLocation.swift */ = {isa = PBXFileReference; lastKnownFileType = sourcecode.swift; path = MapLocation.swift; sourceTree = "<group>"; };
		6ABFF40D2B1DF88B00661E89 /* Messages.xcdatamodel */ = {isa = PBXFileReference; lastKnownFileType = wrapper.xcdatamodel; path = Messages.xcdatamodel; sourceTree = "<group>"; };
		6AC24D8E2B051F4800E0D096 /* MapViewModel.swift */ = {isa = PBXFileReference; lastKnownFileType = sourcecode.swift; path = MapViewModel.swift; sourceTree = "<group>"; };
		6AD215A52B1E8B8E00576E7C /* SpeechText.swift */ = {isa = PBXFileReference; lastKnownFileType = sourcecode.swift; path = SpeechText.swift; sourceTree = "<group>"; };
		6AD215A72B1E8BF500576E7C /* ListenView.swift */ = {isa = PBXFileReference; lastKnownFileType = sourcecode.swift; path = ListenView.swift; sourceTree = "<group>"; };
		6AD215A92B1E8C1600576E7C /* Timer.swift */ = {isa = PBXFileReference; lastKnownFileType = sourcecode.swift; path = Timer.swift; sourceTree = "<group>"; };
		6AED6FB82B1F8DAD00365B58 /* MapView.swift */ = {isa = PBXFileReference; lastKnownFileType = sourcecode.swift; path = MapView.swift; sourceTree = "<group>"; };
		FEE75BE82B025B1A00AECED4 /* MapChat.app */ = {isa = PBXFileReference; explicitFileType = wrapper.application; includeInIndex = 0; path = MapChat.app; sourceTree = BUILT_PRODUCTS_DIR; };
		FEE75BEB2B025B1A00AECED4 /* MapChatApp.swift */ = {isa = PBXFileReference; lastKnownFileType = sourcecode.swift; path = MapChatApp.swift; sourceTree = "<group>"; };
		FEE75BEF2B025B1C00AECED4 /* Assets.xcassets */ = {isa = PBXFileReference; lastKnownFileType = folder.assetcatalog; path = Assets.xcassets; sourceTree = "<group>"; };
		FEE75BF22B025B1C00AECED4 /* Preview Assets.xcassets */ = {isa = PBXFileReference; lastKnownFileType = folder.assetcatalog; path = "Preview Assets.xcassets"; sourceTree = "<group>"; };
		FEE75BF82B025B1C00AECED4 /* MapChatTests.xctest */ = {isa = PBXFileReference; explicitFileType = wrapper.cfbundle; includeInIndex = 0; path = MapChatTests.xctest; sourceTree = BUILT_PRODUCTS_DIR; };
		FEE75BFC2B025B1C00AECED4 /* MapChatTests.swift */ = {isa = PBXFileReference; lastKnownFileType = sourcecode.swift; path = MapChatTests.swift; sourceTree = "<group>"; };
		FEE75C022B025B1C00AECED4 /* MapChatUITests.xctest */ = {isa = PBXFileReference; explicitFileType = wrapper.cfbundle; includeInIndex = 0; path = MapChatUITests.xctest; sourceTree = BUILT_PRODUCTS_DIR; };
		FEE75C062B025B1C00AECED4 /* MapChatUITests.swift */ = {isa = PBXFileReference; lastKnownFileType = sourcecode.swift; path = MapChatUITests.swift; sourceTree = "<group>"; };
		FEE75C082B025B1C00AECED4 /* MapChatUITestsLaunchTests.swift */ = {isa = PBXFileReference; lastKnownFileType = sourcecode.swift; path = MapChatUITestsLaunchTests.swift; sourceTree = "<group>"; };
		FEF9278B2B13D3B10042321F /* LocationsView.swift */ = {isa = PBXFileReference; lastKnownFileType = sourcecode.swift; path = LocationsView.swift; sourceTree = "<group>"; };
		FEF9278D2B13D40E0042321F /* CardView.swift */ = {isa = PBXFileReference; lastKnownFileType = sourcecode.swift; path = CardView.swift; sourceTree = "<group>"; };
		FEF927922B13D4F30042321F /* Theme.swift */ = {isa = PBXFileReference; lastKnownFileType = sourcecode.swift; path = Theme.swift; sourceTree = "<group>"; };
/* End PBXFileReference section */

/* Begin PBXFrameworksBuildPhase section */
		FEE75BE52B025B1A00AECED4 /* Frameworks */ = {
			isa = PBXFrameworksBuildPhase;
			buildActionMask = 2147483647;
			files = (
			);
			runOnlyForDeploymentPostprocessing = 0;
		};
		FEE75BF52B025B1C00AECED4 /* Frameworks */ = {
			isa = PBXFrameworksBuildPhase;
			buildActionMask = 2147483647;
			files = (
			);
			runOnlyForDeploymentPostprocessing = 0;
		};
		FEE75BFF2B025B1C00AECED4 /* Frameworks */ = {
			isa = PBXFrameworksBuildPhase;
			buildActionMask = 2147483647;
			files = (
			);
			runOnlyForDeploymentPostprocessing = 0;
		};
/* End PBXFrameworksBuildPhase section */

/* Begin PBXGroup section */
		6A7C703D2B0EB177002FA22B /* Views */ = {
			isa = PBXGroup;
			children = (
				6AD215AB2B1E8C4100576E7C /* View components */,
				FEF9278B2B13D3B10042321F /* LocationsView.swift */,
				FEF9278D2B13D40E0042321F /* CardView.swift */,
				6A7C703B2B0EB01B002FA22B /* FloatingButtonsView.swift */,
				6A29CB372B1A46AE00F12448 /* WeatherView.swift */,
				6AED6FB82B1F8DAD00365B58 /* MapView.swift */,
				6A4B0E622B20F0B6007999EC /* ContentViewModel.swift */,
			);
			path = Views;
			sourceTree = "<group>";
		};
		6A7C70412B10D0A2002FA22B /* Models */ = {
			isa = PBXGroup;
			children = (
				FEF927922B13D4F30042321F /* Theme.swift */,
				6AC24D8E2B051F4800E0D096 /* MapViewModel.swift */,
				6A7C703E2B10D06E002FA22B /* MapLocation.swift */,
				6A29CB352B1A462F00F12448 /* WeatherManager.swift */,
				6A4B0E602B20F07A007999EC /* LocalSearchService.swift */,
			);
			path = Models;
			sourceTree = "<group>";
		};
		6ABFF40B2B1DF84F00661E89 /* CoreData */ = {
			isa = PBXGroup;
			children = (
				6ABFF40C2B1DF88B00661E89 /* Messages.xcdatamodeld */,
				6A4B0E5A2B20D61F007999EC /* CoreDataStack.swift */,
			);
			path = CoreData;
			sourceTree = "<group>";
		};
		6AD215AB2B1E8C4100576E7C /* View components */ = {
			isa = PBXGroup;
			children = (
				6A29CB392B1A5D8D00F12448 /* CustomTextField.swift */,
				6AD215A72B1E8BF500576E7C /* ListenView.swift */,
				6AD215A92B1E8C1600576E7C /* Timer.swift */,
			);
			path = "View components";
			sourceTree = "<group>";
		};
		FEE75BDF2B025B1A00AECED4 = {
			isa = PBXGroup;
			children = (
				FEE75BEA2B025B1A00AECED4 /* MapChat */,
				FEE75BFB2B025B1C00AECED4 /* MapChatTests */,
				FEE75C052B025B1C00AECED4 /* MapChatUITests */,
				FEE75BE92B025B1A00AECED4 /* Products */,
			);
			sourceTree = "<group>";
		};
		FEE75BE92B025B1A00AECED4 /* Products */ = {
			isa = PBXGroup;
			children = (
				FEE75BE82B025B1A00AECED4 /* MapChat.app */,
				FEE75BF82B025B1C00AECED4 /* MapChatTests.xctest */,
				FEE75C022B025B1C00AECED4 /* MapChatUITests.xctest */,
			);
			name = Products;
			sourceTree = "<group>";
		};
		FEE75BEA2B025B1A00AECED4 /* MapChat */ = {
			isa = PBXGroup;
			children = (
				6ABFF40B2B1DF84F00661E89 /* CoreData */,
				6A7C703D2B0EB177002FA22B /* Views */,
				FEE75BEB2B025B1A00AECED4 /* MapChatApp.swift */,
				FEE75BEF2B025B1C00AECED4 /* Assets.xcassets */,
				6A7C70412B10D0A2002FA22B /* Models */,
				FEE75BF12B025B1C00AECED4 /* Preview Content */,
				6A2507602B1BCDEF0012C180 /* Speech2Text.swift */,
				6AD215A52B1E8B8E00576E7C /* SpeechText.swift */,
			);
			path = MapChat;
			sourceTree = "<group>";
		};
		FEE75BF12B025B1C00AECED4 /* Preview Content */ = {
			isa = PBXGroup;
			children = (
				FEE75BF22B025B1C00AECED4 /* Preview Assets.xcassets */,
			);
			path = "Preview Content";
			sourceTree = "<group>";
		};
		FEE75BFB2B025B1C00AECED4 /* MapChatTests */ = {
			isa = PBXGroup;
			children = (
				FEE75BFC2B025B1C00AECED4 /* MapChatTests.swift */,
			);
			path = MapChatTests;
			sourceTree = "<group>";
		};
		FEE75C052B025B1C00AECED4 /* MapChatUITests */ = {
			isa = PBXGroup;
			children = (
				FEE75C062B025B1C00AECED4 /* MapChatUITests.swift */,
				FEE75C082B025B1C00AECED4 /* MapChatUITestsLaunchTests.swift */,
			);
			path = MapChatUITests;
			sourceTree = "<group>";
		};
/* End PBXGroup section */

/* Begin PBXNativeTarget section */
		FEE75BE72B025B1A00AECED4 /* MapChat */ = {
			isa = PBXNativeTarget;
			buildConfigurationList = FEE75C0C2B025B1C00AECED4 /* Build configuration list for PBXNativeTarget "MapChat" */;
			buildPhases = (
				FEE75BE42B025B1A00AECED4 /* Sources */,
				FEE75BE52B025B1A00AECED4 /* Frameworks */,
				FEE75BE62B025B1A00AECED4 /* Resources */,
			);
			buildRules = (
			);
			dependencies = (
			);
			name = MapChat;
			productName = MapChat;
			productReference = FEE75BE82B025B1A00AECED4 /* MapChat.app */;
			productType = "com.apple.product-type.application";
		};
		FEE75BF72B025B1C00AECED4 /* MapChatTests */ = {
			isa = PBXNativeTarget;
			buildConfigurationList = FEE75C0F2B025B1C00AECED4 /* Build configuration list for PBXNativeTarget "MapChatTests" */;
			buildPhases = (
				FEE75BF42B025B1C00AECED4 /* Sources */,
				FEE75BF52B025B1C00AECED4 /* Frameworks */,
				FEE75BF62B025B1C00AECED4 /* Resources */,
			);
			buildRules = (
			);
			dependencies = (
				FEE75BFA2B025B1C00AECED4 /* PBXTargetDependency */,
			);
			name = MapChatTests;
			productName = MapChatTests;
			productReference = FEE75BF82B025B1C00AECED4 /* MapChatTests.xctest */;
			productType = "com.apple.product-type.bundle.unit-test";
		};
		FEE75C012B025B1C00AECED4 /* MapChatUITests */ = {
			isa = PBXNativeTarget;
			buildConfigurationList = FEE75C122B025B1C00AECED4 /* Build configuration list for PBXNativeTarget "MapChatUITests" */;
			buildPhases = (
				FEE75BFE2B025B1C00AECED4 /* Sources */,
				FEE75BFF2B025B1C00AECED4 /* Frameworks */,
				FEE75C002B025B1C00AECED4 /* Resources */,
			);
			buildRules = (
			);
			dependencies = (
				FEE75C042B025B1C00AECED4 /* PBXTargetDependency */,
			);
			name = MapChatUITests;
			productName = MapChatUITests;
			productReference = FEE75C022B025B1C00AECED4 /* MapChatUITests.xctest */;
			productType = "com.apple.product-type.bundle.ui-testing";
		};
/* End PBXNativeTarget section */

/* Begin PBXProject section */
		FEE75BE02B025B1A00AECED4 /* Project object */ = {
			isa = PBXProject;
			attributes = {
				BuildIndependentTargetsInParallel = 1;
				LastSwiftUpdateCheck = 1500;
				LastUpgradeCheck = 1500;
				TargetAttributes = {
					FEE75BE72B025B1A00AECED4 = {
						CreatedOnToolsVersion = 15.0.1;
					};
					FEE75BF72B025B1C00AECED4 = {
						CreatedOnToolsVersion = 15.0.1;
						TestTargetID = FEE75BE72B025B1A00AECED4;
					};
					FEE75C012B025B1C00AECED4 = {
						CreatedOnToolsVersion = 15.0.1;
						TestTargetID = FEE75BE72B025B1A00AECED4;
					};
				};
			};
			buildConfigurationList = FEE75BE32B025B1A00AECED4 /* Build configuration list for PBXProject "MapChat" */;
			compatibilityVersion = "Xcode 14.0";
			developmentRegion = en;
			hasScannedForEncodings = 0;
			knownRegions = (
				en,
				Base,
			);
			mainGroup = FEE75BDF2B025B1A00AECED4;
			productRefGroup = FEE75BE92B025B1A00AECED4 /* Products */;
			projectDirPath = "";
			projectRoot = "";
			targets = (
				FEE75BE72B025B1A00AECED4 /* MapChat */,
				FEE75BF72B025B1C00AECED4 /* MapChatTests */,
				FEE75C012B025B1C00AECED4 /* MapChatUITests */,
			);
		};
/* End PBXProject section */

/* Begin PBXResourcesBuildPhase section */
		FEE75BE62B025B1A00AECED4 /* Resources */ = {
			isa = PBXResourcesBuildPhase;
			buildActionMask = 2147483647;
			files = (
				FEE75BF32B025B1C00AECED4 /* Preview Assets.xcassets in Resources */,
				FEE75BF02B025B1C00AECED4 /* Assets.xcassets in Resources */,
			);
			runOnlyForDeploymentPostprocessing = 0;
		};
		FEE75BF62B025B1C00AECED4 /* Resources */ = {
			isa = PBXResourcesBuildPhase;
			buildActionMask = 2147483647;
			files = (
			);
			runOnlyForDeploymentPostprocessing = 0;
		};
		FEE75C002B025B1C00AECED4 /* Resources */ = {
			isa = PBXResourcesBuildPhase;
			buildActionMask = 2147483647;
			files = (
			);
			runOnlyForDeploymentPostprocessing = 0;
		};
/* End PBXResourcesBuildPhase section */

/* Begin PBXSourcesBuildPhase section */
		FEE75BE42B025B1A00AECED4 /* Sources */ = {
			isa = PBXSourcesBuildPhase;
			buildActionMask = 2147483647;
			files = (
				6A29CB382B1A46AE00F12448 /* WeatherView.swift in Sources */,
				6A2507612B1BCDEF0012C180 /* Speech2Text.swift in Sources */,
				6A4B0E5B2B20D61F007999EC /* CoreDataStack.swift in Sources */,
				6A4B0E632B20F0B6007999EC /* ContentViewModel.swift in Sources */,
				6A29CB362B1A462F00F12448 /* WeatherManager.swift in Sources */,
				6AD215A62B1E8B8E00576E7C /* SpeechText.swift in Sources */,
				6AD215A82B1E8BF500576E7C /* ListenView.swift in Sources */,
				6AD215AA2B1E8C1600576E7C /* Timer.swift in Sources */,
				6ABFF40E2B1DF88B00661E89 /* Messages.xcdatamodeld in Sources */,
				FEF9278C2B13D3B10042321F /* LocationsView.swift in Sources */,
				6A7C703F2B10D06E002FA22B /* MapLocation.swift in Sources */,
				6A7C703C2B0EB01B002FA22B /* FloatingButtonsView.swift in Sources */,
				FEE75BEC2B025B1A00AECED4 /* MapChatApp.swift in Sources */,
				6A29CB3A2B1A5D8D00F12448 /* CustomTextField.swift in Sources */,
				6AED6FB92B1F8DAD00365B58 /* MapView.swift in Sources */,
				6A4B0E612B20F07A007999EC /* LocalSearchService.swift in Sources */,
				6AC24D8F2B051F4800E0D096 /* MapViewModel.swift in Sources */,
				FEF9278E2B13D40E0042321F /* CardView.swift in Sources */,
				FEF927932B13D4F40042321F /* Theme.swift in Sources */,
			);
			runOnlyForDeploymentPostprocessing = 0;
		};
		FEE75BF42B025B1C00AECED4 /* Sources */ = {
			isa = PBXSourcesBuildPhase;
			buildActionMask = 2147483647;
			files = (
				FEE75BFD2B025B1C00AECED4 /* MapChatTests.swift in Sources */,
			);
			runOnlyForDeploymentPostprocessing = 0;
		};
		FEE75BFE2B025B1C00AECED4 /* Sources */ = {
			isa = PBXSourcesBuildPhase;
			buildActionMask = 2147483647;
			files = (
				FEE75C072B025B1C00AECED4 /* MapChatUITests.swift in Sources */,
				FEE75C092B025B1C00AECED4 /* MapChatUITestsLaunchTests.swift in Sources */,
			);
			runOnlyForDeploymentPostprocessing = 0;
		};
/* End PBXSourcesBuildPhase section */

/* Begin PBXTargetDependency section */
		FEE75BFA2B025B1C00AECED4 /* PBXTargetDependency */ = {
			isa = PBXTargetDependency;
			target = FEE75BE72B025B1A00AECED4 /* MapChat */;
			targetProxy = FEE75BF92B025B1C00AECED4 /* PBXContainerItemProxy */;
		};
		FEE75C042B025B1C00AECED4 /* PBXTargetDependency */ = {
			isa = PBXTargetDependency;
			target = FEE75BE72B025B1A00AECED4 /* MapChat */;
			targetProxy = FEE75C032B025B1C00AECED4 /* PBXContainerItemProxy */;
		};
/* End PBXTargetDependency section */

/* Begin XCBuildConfiguration section */
		FEE75C0A2B025B1C00AECED4 /* Debug */ = {
			isa = XCBuildConfiguration;
			buildSettings = {
				ALWAYS_SEARCH_USER_PATHS = NO;
				ASSETCATALOG_COMPILER_GENERATE_SWIFT_ASSET_SYMBOL_EXTENSIONS = YES;
				CLANG_ANALYZER_NONNULL = YES;
				CLANG_ANALYZER_NUMBER_OBJECT_CONVERSION = YES_AGGRESSIVE;
				CLANG_CXX_LANGUAGE_STANDARD = "gnu++20";
				CLANG_ENABLE_MODULES = YES;
				CLANG_ENABLE_OBJC_ARC = YES;
				CLANG_ENABLE_OBJC_WEAK = YES;
				CLANG_WARN_BLOCK_CAPTURE_AUTORELEASING = YES;
				CLANG_WARN_BOOL_CONVERSION = YES;
				CLANG_WARN_COMMA = YES;
				CLANG_WARN_CONSTANT_CONVERSION = YES;
				CLANG_WARN_DEPRECATED_OBJC_IMPLEMENTATIONS = YES;
				CLANG_WARN_DIRECT_OBJC_ISA_USAGE = YES_ERROR;
				CLANG_WARN_DOCUMENTATION_COMMENTS = YES;
				CLANG_WARN_EMPTY_BODY = YES;
				CLANG_WARN_ENUM_CONVERSION = YES;
				CLANG_WARN_INFINITE_RECURSION = YES;
				CLANG_WARN_INT_CONVERSION = YES;
				CLANG_WARN_NON_LITERAL_NULL_CONVERSION = YES;
				CLANG_WARN_OBJC_IMPLICIT_RETAIN_SELF = YES;
				CLANG_WARN_OBJC_LITERAL_CONVERSION = YES;
				CLANG_WARN_OBJC_ROOT_CLASS = YES_ERROR;
				CLANG_WARN_QUOTED_INCLUDE_IN_FRAMEWORK_HEADER = YES;
				CLANG_WARN_RANGE_LOOP_ANALYSIS = YES;
				CLANG_WARN_STRICT_PROTOTYPES = YES;
				CLANG_WARN_SUSPICIOUS_MOVE = YES;
				CLANG_WARN_UNGUARDED_AVAILABILITY = YES_AGGRESSIVE;
				CLANG_WARN_UNREACHABLE_CODE = YES;
				CLANG_WARN__DUPLICATE_METHOD_MATCH = YES;
				COPY_PHASE_STRIP = NO;
				DEBUG_INFORMATION_FORMAT = dwarf;
				ENABLE_STRICT_OBJC_MSGSEND = YES;
				ENABLE_TESTABILITY = YES;
				ENABLE_USER_SCRIPT_SANDBOXING = YES;
				GCC_C_LANGUAGE_STANDARD = gnu17;
				GCC_DYNAMIC_NO_PIC = NO;
				GCC_NO_COMMON_BLOCKS = YES;
				GCC_OPTIMIZATION_LEVEL = 0;
				GCC_PREPROCESSOR_DEFINITIONS = (
					"DEBUG=1",
					"$(inherited)",
				);
				GCC_WARN_64_TO_32_BIT_CONVERSION = YES;
				GCC_WARN_ABOUT_RETURN_TYPE = YES_ERROR;
				GCC_WARN_UNDECLARED_SELECTOR = YES;
				GCC_WARN_UNINITIALIZED_AUTOS = YES_AGGRESSIVE;
				GCC_WARN_UNUSED_FUNCTION = YES;
				GCC_WARN_UNUSED_VARIABLE = YES;
				IPHONEOS_DEPLOYMENT_TARGET = 17.0;
				LOCALIZATION_PREFERS_STRING_CATALOGS = YES;
				MTL_ENABLE_DEBUG_INFO = INCLUDE_SOURCE;
				MTL_FAST_MATH = YES;
				ONLY_ACTIVE_ARCH = YES;
				SDKROOT = iphoneos;
				SWIFT_ACTIVE_COMPILATION_CONDITIONS = "DEBUG $(inherited)";
				SWIFT_OPTIMIZATION_LEVEL = "-Onone";
			};
			name = Debug;
		};
		FEE75C0B2B025B1C00AECED4 /* Release */ = {
			isa = XCBuildConfiguration;
			buildSettings = {
				ALWAYS_SEARCH_USER_PATHS = NO;
				ASSETCATALOG_COMPILER_GENERATE_SWIFT_ASSET_SYMBOL_EXTENSIONS = YES;
				CLANG_ANALYZER_NONNULL = YES;
				CLANG_ANALYZER_NUMBER_OBJECT_CONVERSION = YES_AGGRESSIVE;
				CLANG_CXX_LANGUAGE_STANDARD = "gnu++20";
				CLANG_ENABLE_MODULES = YES;
				CLANG_ENABLE_OBJC_ARC = YES;
				CLANG_ENABLE_OBJC_WEAK = YES;
				CLANG_WARN_BLOCK_CAPTURE_AUTORELEASING = YES;
				CLANG_WARN_BOOL_CONVERSION = YES;
				CLANG_WARN_COMMA = YES;
				CLANG_WARN_CONSTANT_CONVERSION = YES;
				CLANG_WARN_DEPRECATED_OBJC_IMPLEMENTATIONS = YES;
				CLANG_WARN_DIRECT_OBJC_ISA_USAGE = YES_ERROR;
				CLANG_WARN_DOCUMENTATION_COMMENTS = YES;
				CLANG_WARN_EMPTY_BODY = YES;
				CLANG_WARN_ENUM_CONVERSION = YES;
				CLANG_WARN_INFINITE_RECURSION = YES;
				CLANG_WARN_INT_CONVERSION = YES;
				CLANG_WARN_NON_LITERAL_NULL_CONVERSION = YES;
				CLANG_WARN_OBJC_IMPLICIT_RETAIN_SELF = YES;
				CLANG_WARN_OBJC_LITERAL_CONVERSION = YES;
				CLANG_WARN_OBJC_ROOT_CLASS = YES_ERROR;
				CLANG_WARN_QUOTED_INCLUDE_IN_FRAMEWORK_HEADER = YES;
				CLANG_WARN_RANGE_LOOP_ANALYSIS = YES;
				CLANG_WARN_STRICT_PROTOTYPES = YES;
				CLANG_WARN_SUSPICIOUS_MOVE = YES;
				CLANG_WARN_UNGUARDED_AVAILABILITY = YES_AGGRESSIVE;
				CLANG_WARN_UNREACHABLE_CODE = YES;
				CLANG_WARN__DUPLICATE_METHOD_MATCH = YES;
				COPY_PHASE_STRIP = NO;
				DEBUG_INFORMATION_FORMAT = "dwarf-with-dsym";
				ENABLE_NS_ASSERTIONS = NO;
				ENABLE_STRICT_OBJC_MSGSEND = YES;
				ENABLE_USER_SCRIPT_SANDBOXING = YES;
				GCC_C_LANGUAGE_STANDARD = gnu17;
				GCC_NO_COMMON_BLOCKS = YES;
				GCC_WARN_64_TO_32_BIT_CONVERSION = YES;
				GCC_WARN_ABOUT_RETURN_TYPE = YES_ERROR;
				GCC_WARN_UNDECLARED_SELECTOR = YES;
				GCC_WARN_UNINITIALIZED_AUTOS = YES_AGGRESSIVE;
				GCC_WARN_UNUSED_FUNCTION = YES;
				GCC_WARN_UNUSED_VARIABLE = YES;
				IPHONEOS_DEPLOYMENT_TARGET = 17.0;
				LOCALIZATION_PREFERS_STRING_CATALOGS = YES;
				MTL_ENABLE_DEBUG_INFO = NO;
				MTL_FAST_MATH = YES;
				SDKROOT = iphoneos;
				SWIFT_COMPILATION_MODE = wholemodule;
				VALIDATE_PRODUCT = YES;
			};
			name = Release;
		};
		FEE75C0D2B025B1C00AECED4 /* Debug */ = {
			isa = XCBuildConfiguration;
			buildSettings = {
				ASSETCATALOG_COMPILER_APPICON_NAME = AppIcon;
				ASSETCATALOG_COMPILER_GLOBAL_ACCENT_COLOR_NAME = AccentColor;
				CODE_SIGN_STYLE = Automatic;
				CURRENT_PROJECT_VERSION = 1;
				DEVELOPMENT_ASSET_PATHS = "\"MapChat/Preview Content\"";
				ENABLE_PREVIEWS = YES;
				GENERATE_INFOPLIST_FILE = YES;
				INFOPLIST_KEY_LSApplicationCategoryType = "";
				INFOPLIST_KEY_NSLocationAlwaysAndWhenInUseUsageDescription = "I want to know where you live";
				INFOPLIST_KEY_NSLocationWhenInUseUsageDescription = "I want to know where you live";
				INFOPLIST_KEY_NSMicrophoneUsageDescription = "Need to use your mic : )";
				INFOPLIST_KEY_NSSpeechRecognitionUsageDescription = "Need to use your voice pls :)";
				INFOPLIST_KEY_UIApplicationSceneManifest_Generation = YES;
				INFOPLIST_KEY_UIApplicationSupportsIndirectInputEvents = YES;
				INFOPLIST_KEY_UILaunchScreen_Generation = YES;
				INFOPLIST_KEY_UISupportedInterfaceOrientations_iPad = "UIInterfaceOrientationPortrait UIInterfaceOrientationPortraitUpsideDown UIInterfaceOrientationLandscapeLeft UIInterfaceOrientationLandscapeRight";
				INFOPLIST_KEY_UISupportedInterfaceOrientations_iPhone = "UIInterfaceOrientationPortrait UIInterfaceOrientationLandscapeLeft UIInterfaceOrientationLandscapeRight";
				IPHONEOS_DEPLOYMENT_TARGET = 16.4;
				LD_RUNPATH_SEARCH_PATHS = (
					"$(inherited)",
					"@executable_path/Frameworks",
				);
				MARKETING_VERSION = 1.0;
				PRODUCT_BUNDLE_IDENTIFIER = untop.MapChat;
				PRODUCT_NAME = "$(TARGET_NAME)";
				SWIFT_EMIT_LOC_STRINGS = YES;
				SWIFT_VERSION = 5.0;
				TARGETED_DEVICE_FAMILY = "1,2";
			};
			name = Debug;
		};
		FEE75C0E2B025B1C00AECED4 /* Release */ = {
			isa = XCBuildConfiguration;
			buildSettings = {
				ASSETCATALOG_COMPILER_APPICON_NAME = AppIcon;
				ASSETCATALOG_COMPILER_GLOBAL_ACCENT_COLOR_NAME = AccentColor;
				CODE_SIGN_STYLE = Automatic;
				CURRENT_PROJECT_VERSION = 1;
				DEVELOPMENT_ASSET_PATHS = "\"MapChat/Preview Content\"";
				ENABLE_PREVIEWS = YES;
				GENERATE_INFOPLIST_FILE = YES;
				INFOPLIST_KEY_LSApplicationCategoryType = "";
				INFOPLIST_KEY_NSLocationAlwaysAndWhenInUseUsageDescription = "I want to know where you live";
				INFOPLIST_KEY_NSLocationWhenInUseUsageDescription = "I want to know where you live";
				INFOPLIST_KEY_NSMicrophoneUsageDescription = "Need to use your mic : )";
				INFOPLIST_KEY_NSSpeechRecognitionUsageDescription = "Need to use your voice pls :)";
				INFOPLIST_KEY_UIApplicationSceneManifest_Generation = YES;
				INFOPLIST_KEY_UIApplicationSupportsIndirectInputEvents = YES;
				INFOPLIST_KEY_UILaunchScreen_Generation = YES;
				INFOPLIST_KEY_UISupportedInterfaceOrientations_iPad = "UIInterfaceOrientationPortrait UIInterfaceOrientationPortraitUpsideDown UIInterfaceOrientationLandscapeLeft UIInterfaceOrientationLandscapeRight";
				INFOPLIST_KEY_UISupportedInterfaceOrientations_iPhone = "UIInterfaceOrientationPortrait UIInterfaceOrientationLandscapeLeft UIInterfaceOrientationLandscapeRight";
				IPHONEOS_DEPLOYMENT_TARGET = 16.4;
				LD_RUNPATH_SEARCH_PATHS = (
					"$(inherited)",
					"@executable_path/Frameworks",
				);
				MARKETING_VERSION = 1.0;
				PRODUCT_BUNDLE_IDENTIFIER = untop.MapChat;
				PRODUCT_NAME = "$(TARGET_NAME)";
				SWIFT_EMIT_LOC_STRINGS = YES;
				SWIFT_VERSION = 5.0;
				TARGETED_DEVICE_FAMILY = "1,2";
			};
			name = Release;
		};
		FEE75C102B025B1C00AECED4 /* Debug */ = {
			isa = XCBuildConfiguration;
			buildSettings = {
				ALWAYS_EMBED_SWIFT_STANDARD_LIBRARIES = YES;
				BUNDLE_LOADER = "$(TEST_HOST)";
				CODE_SIGN_STYLE = Automatic;
				CURRENT_PROJECT_VERSION = 1;
				GENERATE_INFOPLIST_FILE = YES;
				IPHONEOS_DEPLOYMENT_TARGET = 16.4;
				MARKETING_VERSION = 1.0;
				PRODUCT_BUNDLE_IDENTIFIER = untop.MapChatTests;
				PRODUCT_NAME = "$(TARGET_NAME)";
				SWIFT_EMIT_LOC_STRINGS = NO;
				SWIFT_VERSION = 5.0;
				TARGETED_DEVICE_FAMILY = "1,2";
				TEST_HOST = "$(BUILT_PRODUCTS_DIR)/MapChat.app/$(BUNDLE_EXECUTABLE_FOLDER_PATH)/MapChat";
			};
			name = Debug;
		};
		FEE75C112B025B1C00AECED4 /* Release */ = {
			isa = XCBuildConfiguration;
			buildSettings = {
				ALWAYS_EMBED_SWIFT_STANDARD_LIBRARIES = YES;
				BUNDLE_LOADER = "$(TEST_HOST)";
				CODE_SIGN_STYLE = Automatic;
				CURRENT_PROJECT_VERSION = 1;
				GENERATE_INFOPLIST_FILE = YES;
				IPHONEOS_DEPLOYMENT_TARGET = 16.4;
				MARKETING_VERSION = 1.0;
				PRODUCT_BUNDLE_IDENTIFIER = untop.MapChatTests;
				PRODUCT_NAME = "$(TARGET_NAME)";
				SWIFT_EMIT_LOC_STRINGS = NO;
				SWIFT_VERSION = 5.0;
				TARGETED_DEVICE_FAMILY = "1,2";
				TEST_HOST = "$(BUILT_PRODUCTS_DIR)/MapChat.app/$(BUNDLE_EXECUTABLE_FOLDER_PATH)/MapChat";
			};
			name = Release;
		};
		FEE75C132B025B1C00AECED4 /* Debug */ = {
			isa = XCBuildConfiguration;
			buildSettings = {
				ALWAYS_EMBED_SWIFT_STANDARD_LIBRARIES = YES;
				CODE_SIGN_STYLE = Automatic;
				CURRENT_PROJECT_VERSION = 1;
				GENERATE_INFOPLIST_FILE = YES;
				MARKETING_VERSION = 1.0;
				PRODUCT_BUNDLE_IDENTIFIER = untop.MapChatUITests;
				PRODUCT_NAME = "$(TARGET_NAME)";
				SWIFT_EMIT_LOC_STRINGS = NO;
				SWIFT_VERSION = 5.0;
				TARGETED_DEVICE_FAMILY = "1,2";
				TEST_TARGET_NAME = MapChat;
			};
			name = Debug;
		};
		FEE75C142B025B1C00AECED4 /* Release */ = {
			isa = XCBuildConfiguration;
			buildSettings = {
				ALWAYS_EMBED_SWIFT_STANDARD_LIBRARIES = YES;
				CODE_SIGN_STYLE = Automatic;
				CURRENT_PROJECT_VERSION = 1;
				GENERATE_INFOPLIST_FILE = YES;
				MARKETING_VERSION = 1.0;
				PRODUCT_BUNDLE_IDENTIFIER = untop.MapChatUITests;
				PRODUCT_NAME = "$(TARGET_NAME)";
				SWIFT_EMIT_LOC_STRINGS = NO;
				SWIFT_VERSION = 5.0;
				TARGETED_DEVICE_FAMILY = "1,2";
				TEST_TARGET_NAME = MapChat;
			};
			name = Release;
		};
/* End XCBuildConfiguration section */

/* Begin XCConfigurationList section */
		FEE75BE32B025B1A00AECED4 /* Build configuration list for PBXProject "MapChat" */ = {
			isa = XCConfigurationList;
			buildConfigurations = (
				FEE75C0A2B025B1C00AECED4 /* Debug */,
				FEE75C0B2B025B1C00AECED4 /* Release */,
			);
			defaultConfigurationIsVisible = 0;
			defaultConfigurationName = Release;
		};
		FEE75C0C2B025B1C00AECED4 /* Build configuration list for PBXNativeTarget "MapChat" */ = {
			isa = XCConfigurationList;
			buildConfigurations = (
				FEE75C0D2B025B1C00AECED4 /* Debug */,
				FEE75C0E2B025B1C00AECED4 /* Release */,
			);
			defaultConfigurationIsVisible = 0;
			defaultConfigurationName = Release;
		};
		FEE75C0F2B025B1C00AECED4 /* Build configuration list for PBXNativeTarget "MapChatTests" */ = {
			isa = XCConfigurationList;
			buildConfigurations = (
				FEE75C102B025B1C00AECED4 /* Debug */,
				FEE75C112B025B1C00AECED4 /* Release */,
			);
			defaultConfigurationIsVisible = 0;
			defaultConfigurationName = Release;
		};
		FEE75C122B025B1C00AECED4 /* Build configuration list for PBXNativeTarget "MapChatUITests" */ = {
			isa = XCConfigurationList;
			buildConfigurations = (
				FEE75C132B025B1C00AECED4 /* Debug */,
				FEE75C142B025B1C00AECED4 /* Release */,
			);
			defaultConfigurationIsVisible = 0;
			defaultConfigurationName = Release;
		};
/* End XCConfigurationList section */

/* Begin XCVersionGroup section */
		6ABFF40C2B1DF88B00661E89 /* Messages.xcdatamodeld */ = {
			isa = XCVersionGroup;
			children = (
				6ABFF40D2B1DF88B00661E89 /* Messages.xcdatamodel */,
			);
			currentVersion = 6ABFF40D2B1DF88B00661E89 /* Messages.xcdatamodel */;
			path = Messages.xcdatamodeld;
			sourceTree = "<group>";
			versionGroupType = wrapper.xcdatamodel;
		};
/* End XCVersionGroup section */
	};
	rootObject = FEE75BE02B025B1A00AECED4 /* Project object */;
}
